{
  "name": "@appdefence/bw-secrets",
  "version": "1.0.2",
  "lockfileVersion": 3,
  "requires": true,
  "packages": {
    "": {
      "name": "@appdefence/bw-secrets",
      "version": "1.0.2",
      "license": "MIT",
      "dependencies": {
        "@bitwarden/sdk-napi": "^0.3.0",
        "dotenv": "^17.2.3"
      }
    },
    "node_modules/@bitwarden/sdk-napi": {
      "version": "0.3.1",
      "resolved": "https://registry.npmjs.org/@bitwarden/sdk-napi/-/sdk-napi-0.3.1.tgz",
      "integrity": "sha512-G5oM/st2+1eQOposoxdgLqK52j52fkcjv6W3OiojBx/yHy854FnY5KfKZRf73DRV/U1AYnHWckHE4IQ53/u3CQ==",
      "license": "SEE LICENSE IN LICENSE",
      "engines": {
        "node": ">= 10"
      },
      "optionalDependencies": {
        "@bitwarden/sdk-napi-darwin-arm64": "0.3.1",
        "@bitwarden/sdk-napi-darwin-x64": "0.3.1",
        "@bitwarden/sdk-napi-linux-x64-gnu": "0.3.1",
        "@bitwarden/sdk-napi-win32-x64-msvc": "0.3.1"
      }
    },
    "node_modules/@bitwarden/sdk-napi-darwin-arm64": {
      "version": "0.3.1",
      "resolved": "https://registry.npmjs.org/@bitwarden/sdk-napi-darwin-arm64/-/sdk-napi-darwin-arm64-0.3.1.tgz",
      "integrity": "sha512-kfQ6uEJOEO9x8sPHk+qysJGYvBfc9XIHLSTNMp8axkRpuVOkc+uq7IC2fvViUDNJXGRjdepvuC5blp75oT6BMA==",
      "cpu": [
        "arm64"
      ],
      "license": "SEE LICENSE IN LICENSE",
      "optional": true,
      "os": [
        "darwin"
      ],
      "engines": {
        "node": ">= 10"
      }
    },
    "node_modules/@bitwarden/sdk-napi-darwin-x64": {
      "version": "0.3.1",
      "resolved": "https://registry.npmjs.org/@bitwarden/sdk-napi-darwin-x64/-/sdk-napi-darwin-x64-0.3.1.tgz",
      "integrity": "sha512-mV4DLakyQ4hhM3HI0jeZ55y62UnrDccj6qX7Z5ygItx/Q9w0mEn0TQLZiwcm/uqtOYWBsDr3Bg9QyyiOfCCT1g==",
      "cpu": [
        "x64"
      ],
      "license": "SEE LICENSE IN LICENSE",
      "optional": true,
      "os": [
        "darwin"
      ],
      "engines": {
        "node": ">= 10"
      }
    },
    "node_modules/@bitwarden/sdk-napi-linux-x64-gnu": {
      "version": "0.3.1",
      "resolved": "https://registry.npmjs.org/@bitwarden/sdk-napi-linux-x64-gnu/-/sdk-napi-linux-x64-gnu-0.3.1.tgz",
      "integrity": "sha512-NkS09B0P55zWy6YAyFKJ1MytJWyUgAUFCNgFCf6wx7L2W9uplKfunWaY4NhElAhn4pXX1aElNN1+T2OECUTykg==",
      "cpu": [
        "x64"
      ],
      "license": "SEE LICENSE IN LICENSE",
      "optional": true,
      "os": [
        "linux"
      ],
      "engines": {
        "node": ">= 10"
      }
    },
    "node_modules/@bitwarden/sdk-napi-win32-x64-msvc": {
      "version": "0.3.1",
      "resolved": "https://registry.npmjs.org/@bitwarden/sdk-napi-win32-x64-msvc/-/sdk-napi-win32-x64-msvc-0.3.1.tgz",
      "integrity": "sha512-C70Y4skSbPcKxAVb3zUS++TmtHU8Wz5FCx+kdJvq1VWPAokuOG5OjlqiK06tY+zaiCIgNBAvjxfHCq1774N30w==",
      "cpu": [
        "x64"
      ],
      "license": "SEE LICENSE IN LICENSE",
      "optional": true,
      "os": [
        "win32"
      ],
      "engines": {
        "node": ">= 10"
      }
    },
    "node_modules/dotenv": {
      "version": "17.2.3",
      "resolved": "https://registry.npmjs.org/dotenv/-/dotenv-17.2.3.tgz",
      "integrity": "sha512-JVUnt+DUIzu87TABbhPmNfVdBDt18BLOWjMUFJMSi/Qqg7NTYtabbvSNJGOJ7afbRuv9D/lngizHtP7QyLQ+9w==",
      "license": "BSD-2-Clause",
      "engines": {
        "node": ">=12"
      },
      "funding": {
        "url": "https://dotenvx.com"
      }
    }
  }
}
